
Microsoft Visual Studio Solution File, Format Version 12.00
# Visual Studio Version 16
VisualStudioVersion = 16.0.29709.97
MinimumVisualStudioVersion = 10.0.40219.1
Project("{FAE04EC0-301F-11D3-BF4B-00C04F79EFBC}") = "InterfacesExercicio", "InterfacesExercicio\InterfacesExercicio.csproj", "{1578060F-E8B3-4AD4-9E77-BB8ADA3FC66A}"
EndProject
Global
	GlobalSection(SolutionConfigurationPlatforms) = preSolution
		Debug|Any CPU = Debug|Any CPU
		Release|Any CPU = Release|Any CPU
	EndGlobalSection
	GlobalSection(ProjectConfigurationPlatforms) = postSolution
		{1578060F-E8B3-4AD4-9E77-BB8ADA3FC66A}.Debug|Any CPU.ActiveCfg = Debug|Any CPU
		{1578060F-E8B3-4AD4-9E77-BB8ADA3FC66A}.Debug|Any CPU.Build.0 = Debug|Any CPU
		{1578060F-E8B3-4AD4-9E77-BB8ADA3FC66A}.Release|Any CPU.ActiveCfg = Release|Any CPU
		{1578060F-E8B3-4AD4-9E77-BB8ADA3FC66A}.Release|Any CPU.Build.0 = Release|Any CPU
	EndGlobalSection
	GlobalSection(SolutionProperties) = preSolution
		HideSolutionNode = FALSE
	EndGlobalSection
	GlobalSection(ExtensibilityGlobals) = postSolution
		SolutionGuid = {461D0EE3-4058-4C2E-8422-3F852BE0FE4B}
	EndGlobalSection
EndGlobal
