
Microsoft Visual Studio Solution File, Format Version 12.00
# Visual Studio Version 16
VisualStudioVersion = 16.0.29709.97
MinimumVisualStudioVersion = 10.0.40219.1
Project("{FAE04EC0-301F-11D3-BF4B-00C04F79EFBC}") = "Exercicio1Vetores", "Exercicio1Vetores\Exercicio1Vetores.csproj", "{DDD40AC2-B535-4A90-8BC0-EDF0FABDC72E}"
EndProject
Global
	GlobalSection(SolutionConfigurationPlatforms) = preSolution
		Debug|Any CPU = Debug|Any CPU
		Release|Any CPU = Release|Any CPU
	EndGlobalSection
	GlobalSection(ProjectConfigurationPlatforms) = postSolution
		{DDD40AC2-B535-4A90-8BC0-EDF0FABDC72E}.Debug|Any CPU.ActiveCfg = Debug|Any CPU
		{DDD40AC2-B535-4A90-8BC0-EDF0FABDC72E}.Debug|Any CPU.Build.0 = Debug|Any CPU
		{DDD40AC2-B535-4A90-8BC0-EDF0FABDC72E}.Release|Any CPU.ActiveCfg = Release|Any CPU
		{DDD40AC2-B535-4A90-8BC0-EDF0FABDC72E}.Release|Any CPU.Build.0 = Release|Any CPU
	EndGlobalSection
	GlobalSection(SolutionProperties) = preSolution
		HideSolutionNode = FALSE
	EndGlobalSection
	GlobalSection(ExtensibilityGlobals) = postSolution
		SolutionGuid = {BFC8D527-078B-4EA0-81F9-3821A57D620E}
	EndGlobalSection
EndGlobal
