
Microsoft Visual Studio Solution File, Format Version 12.00
# Visual Studio Version 16
VisualStudioVersion = 16.0.29709.97
MinimumVisualStudioVersion = 10.0.40219.1
Project("{FAE04EC0-301F-11D3-BF4B-00C04F79EFBC}") = "Structs", "Structs\Structs.csproj", "{9933B137-97EF-475F-907D-2D9278BA52F8}"
EndProject
Global
	GlobalSection(SolutionConfigurationPlatforms) = preSolution
		Debug|Any CPU = Debug|Any CPU
		Release|Any CPU = Release|Any CPU
	EndGlobalSection
	GlobalSection(ProjectConfigurationPlatforms) = postSolution
		{9933B137-97EF-475F-907D-2D9278BA52F8}.Debug|Any CPU.ActiveCfg = Debug|Any CPU
		{9933B137-97EF-475F-907D-2D9278BA52F8}.Debug|Any CPU.Build.0 = Debug|Any CPU
		{9933B137-97EF-475F-907D-2D9278BA52F8}.Release|Any CPU.ActiveCfg = Release|Any CPU
		{9933B137-97EF-475F-907D-2D9278BA52F8}.Release|Any CPU.Build.0 = Release|Any CPU
	EndGlobalSection
	GlobalSection(SolutionProperties) = preSolution
		HideSolutionNode = FALSE
	EndGlobalSection
	GlobalSection(ExtensibilityGlobals) = postSolution
		SolutionGuid = {51FA1062-136E-4EF8-A263-BD082195B9F6}
	EndGlobalSection
EndGlobal
