
Microsoft Visual Studio Solution File, Format Version 12.00
# Visual Studio Version 16
VisualStudioVersion = 16.0.29709.97
MinimumVisualStudioVersion = 10.0.40219.1
Project("{FAE04EC0-301F-11D3-BF4B-00C04F79EFBC}") = "Gerador_plano_de_Aula", "Gerador_plano_de_Aula\Gerador_plano_de_Aula.csproj", "{EE950F2C-4D25-457D-8589-70944901BB8D}"
EndProject
Global
	GlobalSection(SolutionConfigurationPlatforms) = preSolution
		Debug|Any CPU = Debug|Any CPU
		Release|Any CPU = Release|Any CPU
	EndGlobalSection
	GlobalSection(ProjectConfigurationPlatforms) = postSolution
		{EE950F2C-4D25-457D-8589-70944901BB8D}.Debug|Any CPU.ActiveCfg = Debug|Any CPU
		{EE950F2C-4D25-457D-8589-70944901BB8D}.Debug|Any CPU.Build.0 = Debug|Any CPU
		{EE950F2C-4D25-457D-8589-70944901BB8D}.Release|Any CPU.ActiveCfg = Release|Any CPU
		{EE950F2C-4D25-457D-8589-70944901BB8D}.Release|Any CPU.Build.0 = Release|Any CPU
	EndGlobalSection
	GlobalSection(SolutionProperties) = preSolution
		HideSolutionNode = FALSE
	EndGlobalSection
	GlobalSection(ExtensibilityGlobals) = postSolution
		SolutionGuid = {43340F53-62D4-416C-B9FA-D577D71E7455}
	EndGlobalSection
EndGlobal
