
Microsoft Visual Studio Solution File, Format Version 12.00
# Visual Studio Version 16
VisualStudioVersion = 16.0.29709.97
MinimumVisualStudioVersion = 10.0.40219.1
Project("{FAE04EC0-301F-11D3-BF4B-00C04F79EFBC}") = "WpfApp1", "WpfApp1\WpfApp1.csproj", "{531AFB99-4750-4A12-A0F4-FEBEA8F023A5}"
EndProject
Global
	GlobalSection(SolutionConfigurationPlatforms) = preSolution
		Debug|Any CPU = Debug|Any CPU
		Release|Any CPU = Release|Any CPU
	EndGlobalSection
	GlobalSection(ProjectConfigurationPlatforms) = postSolution
		{531AFB99-4750-4A12-A0F4-FEBEA8F023A5}.Debug|Any CPU.ActiveCfg = Debug|Any CPU
		{531AFB99-4750-4A12-A0F4-FEBEA8F023A5}.Debug|Any CPU.Build.0 = Debug|Any CPU
		{531AFB99-4750-4A12-A0F4-FEBEA8F023A5}.Release|Any CPU.ActiveCfg = Release|Any CPU
		{531AFB99-4750-4A12-A0F4-FEBEA8F023A5}.Release|Any CPU.Build.0 = Release|Any CPU
	EndGlobalSection
	GlobalSection(SolutionProperties) = preSolution
		HideSolutionNode = FALSE
	EndGlobalSection
	GlobalSection(ExtensibilityGlobals) = postSolution
		SolutionGuid = {84B26D34-5F7D-49B6-BE2F-F301B836EC02}
	EndGlobalSection
EndGlobal
