
Microsoft Visual Studio Solution File, Format Version 12.00
# Visual Studio Version 16
VisualStudioVersion = 16.0.29709.97
MinimumVisualStudioVersion = 10.0.40219.1
Project("{FAE04EC0-301F-11D3-BF4B-00C04F79EFBC}") = "ExerciciosClasses1", "ExerciciosClasses1\ExerciciosClasses1.csproj", "{7887F3EE-20DB-407D-B4DC-1903A4D192A0}"
EndProject
Global
	GlobalSection(SolutionConfigurationPlatforms) = preSolution
		Debug|Any CPU = Debug|Any CPU
		Release|Any CPU = Release|Any CPU
	EndGlobalSection
	GlobalSection(ProjectConfigurationPlatforms) = postSolution
		{7887F3EE-20DB-407D-B4DC-1903A4D192A0}.Debug|Any CPU.ActiveCfg = Debug|Any CPU
		{7887F3EE-20DB-407D-B4DC-1903A4D192A0}.Debug|Any CPU.Build.0 = Debug|Any CPU
		{7887F3EE-20DB-407D-B4DC-1903A4D192A0}.Release|Any CPU.ActiveCfg = Release|Any CPU
		{7887F3EE-20DB-407D-B4DC-1903A4D192A0}.Release|Any CPU.Build.0 = Release|Any CPU
	EndGlobalSection
	GlobalSection(SolutionProperties) = preSolution
		HideSolutionNode = FALSE
	EndGlobalSection
	GlobalSection(ExtensibilityGlobals) = postSolution
		SolutionGuid = {893FA193-31EE-4EFB-92C1-96F1C8B22E2A}
	EndGlobalSection
EndGlobal
