
Microsoft Visual Studio Solution File, Format Version 12.00
# Visual Studio Version 16
VisualStudioVersion = 16.0.29709.97
MinimumVisualStudioVersion = 10.0.40219.1
Project("{FAE04EC0-301F-11D3-BF4B-00C04F79EFBC}") = "MyTodoAPI", "MyTodoAPI\MyTodoAPI.csproj", "{17A13B9A-9994-405A-8BDB-668ABDBBFDE9}"
EndProject
Global
	GlobalSection(SolutionConfigurationPlatforms) = preSolution
		Debug|Any CPU = Debug|Any CPU
		Release|Any CPU = Release|Any CPU
	EndGlobalSection
	GlobalSection(ProjectConfigurationPlatforms) = postSolution
		{17A13B9A-9994-405A-8BDB-668ABDBBFDE9}.Debug|Any CPU.ActiveCfg = Debug|Any CPU
		{17A13B9A-9994-405A-8BDB-668ABDBBFDE9}.Debug|Any CPU.Build.0 = Debug|Any CPU
		{17A13B9A-9994-405A-8BDB-668ABDBBFDE9}.Release|Any CPU.ActiveCfg = Release|Any CPU
		{17A13B9A-9994-405A-8BDB-668ABDBBFDE9}.Release|Any CPU.Build.0 = Release|Any CPU
	EndGlobalSection
	GlobalSection(SolutionProperties) = preSolution
		HideSolutionNode = FALSE
	EndGlobalSection
	GlobalSection(ExtensibilityGlobals) = postSolution
		SolutionGuid = {131FC9B4-5908-4FEA-874B-B5A0B3220F69}
	EndGlobalSection
EndGlobal
