
Microsoft Visual Studio Solution File, Format Version 12.00
# Visual Studio Version 16
VisualStudioVersion = 16.0.29709.97
MinimumVisualStudioVersion = 10.0.40219.1
Project("{FAE04EC0-301F-11D3-BF4B-00C04F79EFBC}") = "TesteWeb", "TesteWeb\TesteWeb.csproj", "{00D0018E-5F34-4419-8E80-9DC0A56ED7FF}"
EndProject
Global
	GlobalSection(SolutionConfigurationPlatforms) = preSolution
		Debug|Any CPU = Debug|Any CPU
		Release|Any CPU = Release|Any CPU
	EndGlobalSection
	GlobalSection(ProjectConfigurationPlatforms) = postSolution
		{00D0018E-5F34-4419-8E80-9DC0A56ED7FF}.Debug|Any CPU.ActiveCfg = Debug|Any CPU
		{00D0018E-5F34-4419-8E80-9DC0A56ED7FF}.Debug|Any CPU.Build.0 = Debug|Any CPU
		{00D0018E-5F34-4419-8E80-9DC0A56ED7FF}.Release|Any CPU.ActiveCfg = Release|Any CPU
		{00D0018E-5F34-4419-8E80-9DC0A56ED7FF}.Release|Any CPU.Build.0 = Release|Any CPU
	EndGlobalSection
	GlobalSection(SolutionProperties) = preSolution
		HideSolutionNode = FALSE
	EndGlobalSection
	GlobalSection(ExtensibilityGlobals) = postSolution
		SolutionGuid = {423DFCD7-EFE3-4E13-8CBC-E0B3B45AF107}
	EndGlobalSection
EndGlobal
